<?xml version="1.0" encoding="utf-8"?>
<Project ToolsVersion="16.0" xmlns="http://schemas.microsoft.com/developer/msbuild/2003">
  <ItemGroup>
    <ClCompile Include="D:\OpenGL\glfw\tests\glfwinfo.c">
      <Filter>Source Files</Filter>
    </ClCompile>
    <ClCompile Include="D:\OpenGL\glfw\deps\getopt.c">
      <Filter>Source Files</Filter>
    </ClCompile>
    <ClCompile Include="D:\OpenGL\glfw\deps\glad_gl.c">
      <Filter>Source Files</Filter>
    </ClCompile>
    <ClCompile Include="D:\OpenGL\glfw\deps\glad_vulkan.c">
      <Filter>Source Files</Filter>
    </ClCompile>
  </ItemGroup>
  <ItemGroup>
    <ClInclude Include="D:\OpenGL\glfw\deps\getopt.h">
      <Filter>Header Files</Filter>
    </ClInclude>
    <ClInclude Include="D:\OpenGL\glfw\deps\glad\gl.h">
      <Filter>Header Files</Filter>
    </ClInclude>
    <ClInclude Include="D:\OpenGL\glfw\deps\glad\vulkan.h">
      <Filter>Header Files</Filter>
    </ClInclude>
  </ItemGroup>
  <ItemGroup>
    <CustomBuild Include="D:\OpenGL\glfw\tests\CMakeLists.txt" />
  </ItemGroup>
  <ItemGroup>
    <Filter Include="Header Files">
      <UniqueIdentifier>{72CCC6B7-5531-3CA3-8F8A-188A62B38D1F}</UniqueIdentifier>
    </Filter>
    <Filter Include="Source Files">
      <UniqueIdentifier>{3867B750-318C-3E2B-A3DE-07D8876B795D}</UniqueIdentifier>
    </Filter>
  </ItemGroup>
</Project>
